
Microsoft Visual Studio Solution File, Format Version 12.00
# Visual Studio 14
VisualStudioVersion = 14.0.22609.0
MinimumVisualStudioVersion = 10.0.40219.1
Project("{FAE04EC0-301F-11D3-BF4B-00C04F79EFBC}") = "HFi", "HFi\HFi.csproj", "{815E33A5-4DEB-40E1-A777-C9D3B0A99F1A}"
EndProject
Project("{FAE04EC0-301F-11D3-BF4B-00C04F79EFBC}") = "HFi.Tests", "HFi.Tests\HFi.Tests.csproj", "{5AE9EFA0-E5EC-475F-AE1E-93AB30CE1D56}"
EndProject
Project("{2150E333-8FDC-42A3-9474-1A3956D46DE8}") = "PublishScripts", "PublishScripts", "{E412A521-C0FD-4ED7-AFF7-2ECDBDC40FF8}"
	ProjectSection(SolutionItems) = preProject
		PublishScripts\AzureWebsitePublishModule.psm1 = PublishScripts\AzureWebsitePublishModule.psm1
		PublishScripts\Publish-WebApplicationWebsite.ps1 = PublishScripts\Publish-WebApplicationWebsite.ps1
	EndProjectSection
EndProject
Project("{2150E333-8FDC-42A3-9474-1A3956D46DE8}") = "Configurations", "Configurations", "{C04B6722-E94F-49FB-8418-8870FC193DEB}"
	ProjectSection(SolutionItems) = preProject
		PublishScripts\Configurations\HFi-WAWS-dev.json = PublishScripts\Configurations\HFi-WAWS-dev.json
	EndProjectSection
EndProject
Global
	GlobalSection(SolutionConfigurationPlatforms) = preSolution
		Debug|Any CPU = Debug|Any CPU
		Release|Any CPU = Release|Any CPU
	EndGlobalSection
	GlobalSection(ProjectConfigurationPlatforms) = postSolution
		{815E33A5-4DEB-40E1-A777-C9D3B0A99F1A}.Debug|Any CPU.ActiveCfg = Debug|Any CPU
		{815E33A5-4DEB-40E1-A777-C9D3B0A99F1A}.Debug|Any CPU.Build.0 = Debug|Any CPU
		{815E33A5-4DEB-40E1-A777-C9D3B0A99F1A}.Release|Any CPU.ActiveCfg = Release|Any CPU
		{815E33A5-4DEB-40E1-A777-C9D3B0A99F1A}.Release|Any CPU.Build.0 = Release|Any CPU
		{5AE9EFA0-E5EC-475F-AE1E-93AB30CE1D56}.Debug|Any CPU.ActiveCfg = Debug|Any CPU
		{5AE9EFA0-E5EC-475F-AE1E-93AB30CE1D56}.Debug|Any CPU.Build.0 = Debug|Any CPU
		{5AE9EFA0-E5EC-475F-AE1E-93AB30CE1D56}.Release|Any CPU.ActiveCfg = Release|Any CPU
		{5AE9EFA0-E5EC-475F-AE1E-93AB30CE1D56}.Release|Any CPU.Build.0 = Release|Any CPU
	EndGlobalSection
	GlobalSection(SolutionProperties) = preSolution
		HideSolutionNode = FALSE
	EndGlobalSection
	GlobalSection(NestedProjects) = preSolution
		{C04B6722-E94F-49FB-8418-8870FC193DEB} = {E412A521-C0FD-4ED7-AFF7-2ECDBDC40FF8}
	EndGlobalSection
EndGlobal
